{
  "name": "Hybrid-Transparency-core",
  "lockfileVersion": 3,
  "requires": true,
  "packages": {
    "": {
      "dependencies": {
        "@zk-kit/imt.sol": "^2.0.0-beta.12"
      }
    },
    "node_modules/@zk-kit/imt.sol": {
      "version": "2.0.0-beta.12",
      "resolved": "https://registry.npmjs.org/@zk-kit/imt.sol/-/imt.sol-2.0.0-beta.12.tgz",
      "integrity": "sha512-kKgopVO6zlfSiQgv3X9WykaCeyb8jGtthWGqdo1ZD7fY1bH8A7BWhhWxtoCuU5mPEgRbamw1cAoUynuLoEULsg==",
      "license": "MIT",
      "dependencies": {
        "poseidon-solidity": "0.0.5"
      }
    },
    "node_modules/poseidon-solidity": {
      "version": "0.0.5",
      "resolved": "https://registry.npmjs.org/poseidon-solidity/-/poseidon-solidity-0.0.5.tgz",
      "integrity": "sha512-NzrvSwHzvZgT4hvg2GyGqeR+UOU/eLSEt4wAoXEua+VaR7NTKKwx1X9bPlh1VMBEVEno+IWvkRBbidFGzTeAqQ==",
      "license": "MIT"
    }
  }
}
